// !$*UTF8*$!
{
	archiveVersion = 1;
	classes = {
	};
	objectVersion = 46;
	objects = {

/* Begin PBXBuildFile section */
		5B5AEA631EAE5E000027A2EF /* serverz.cc in Sources */ = {isa = PBXBuildFile; fileRef = 5B5AEA621EAE5E000027A2EF /* serverz.cc */; };
		5B7171531E7AAD3B009AB236 /* main.cpp in Sources */ = {isa = PBXBuildFile; fileRef = 5B7171521E7AAD3B009AB236 /* main.cpp */; };
/* End PBXBuildFile section */

/* Begin PBXCopyFilesBuildPhase section */
		5B71714D1E7AAD3B009AB236 /* CopyFiles */ = {
			isa = PBXCopyFilesBuildPhase;
			buildActionMask = 2147483647;
			dstPath = /usr/share/man/man1/;
			dstSubfolderSpec = 0;
			files = (
			);
			runOnlyForDeploymentPostprocessing = 1;
		};
/* End PBXCopyFilesBuildPhase section */

/* Begin PBXFileReference section */
		5B5AEA611EAE5E000027A2EF /* helpers.hpp */ = {isa = PBXFileReference; fileEncoding = 4; lastKnownFileType = sourcecode.cpp.h; name = helpers.hpp; path = ../../../src/include/helpers.hpp; sourceTree = "<group>"; };
		5B5AEA621EAE5E000027A2EF /* serverz.cc */ = {isa = PBXFileReference; fileEncoding = 4; lastKnownFileType = sourcecode.cpp.cpp; name = serverz.cc; path = ../../../src/serverz.cc; sourceTree = "<group>"; };
		5B71714F1E7AAD3B009AB236 /* Functorx */ = {isa = PBXFileReference; explicitFileType = "compiled.mach-o.executable"; includeInIndex = 0; path = Functorx; sourceTree = BUILT_PRODUCTS_DIR; };
		5B7171521E7AAD3B009AB236 /* main.cpp */ = {isa = PBXFileReference; lastKnownFileType = sourcecode.cpp.cpp; path = main.cpp; sourceTree = "<group>"; };
/* End PBXFileReference section */

/* Begin PBXFrameworksBuildPhase section */
		5B71714C1E7AAD3B009AB236 /* Frameworks */ = {
			isa = PBXFrameworksBuildPhase;
			buildActionMask = 2147483647;
			files = (
			);
			runOnlyForDeploymentPostprocessing = 0;
		};
/* End PBXFrameworksBuildPhase section */

/* Begin PBXGroup section */
		5B7171461E7AAD3B009AB236 = {
			isa = PBXGroup;
			children = (
				5B7171511E7AAD3B009AB236 /* Functorx */,
				5B7171501E7AAD3B009AB236 /* Products */,
			);
			sourceTree = "<group>";
		};
		5B7171501E7AAD3B009AB236 /* Products */ = {
			isa = PBXGroup;
			children = (
				5B71714F1E7AAD3B009AB236 /* Functorx */,
			);
			name = Products;
			sourceTree = "<group>";
		};
		5B7171511E7AAD3B009AB236 /* Functorx */ = {
			isa = PBXGroup;
			children = (
				5B5AEA611EAE5E000027A2EF /* helpers.hpp */,
				5B5AEA621EAE5E000027A2EF /* serverz.cc */,
				5B7171521E7AAD3B009AB236 /* main.cpp */,
			);
			path = Functorx;
			sourceTree = "<group>";
		};
/* End PBXGroup section */

/* Begin PBXNativeTarget section */
		5B71714E1E7AAD3B009AB236 /* Functorx */ = {
			isa = PBXNativeTarget;
			buildConfigurationList = 5B7171561E7AAD3B009AB236 /* Build configuration list for PBXNativeTarget "Functorx" */;
			buildPhases = (
				5B71714B1E7AAD3B009AB236 /* Sources */,
				5B71714C1E7AAD3B009AB236 /* Frameworks */,
				5B71714D1E7AAD3B009AB236 /* CopyFiles */,
			);
			buildRules = (
			);
			dependencies = (
			);
			name = Functorx;
			productName = Functorx;
			productReference = 5B71714F1E7AAD3B009AB236 /* Functorx */;
			productType = "com.apple.product-type.tool";
		};
/* End PBXNativeTarget section */

/* Begin PBXProject section */
		5B7171471E7AAD3B009AB236 /* Project object */ = {
			isa = PBXProject;
			attributes = {
				LastUpgradeCheck = 0820;
				ORGANIZATIONNAME = "Cesar Valdez";
				TargetAttributes = {
					5B71714E1E7AAD3B009AB236 = {
						CreatedOnToolsVersion = 8.2.1;
						ProvisioningStyle = Automatic;
					};
				};
			};
			buildConfigurationList = 5B71714A1E7AAD3B009AB236 /* Build configuration list for PBXProject "Functorx" */;
			compatibilityVersion = "Xcode 3.2";
			developmentRegion = English;
			hasScannedForEncodings = 0;
			knownRegions = (
				en,
			);
			mainGroup = 5B7171461E7AAD3B009AB236;
			productRefGroup = 5B7171501E7AAD3B009AB236 /* Products */;
			projectDirPath = "";
			projectRoot = "";
			targets = (
				5B71714E1E7AAD3B009AB236 /* Functorx */,
			);
		};
/* End PBXProject section */

/* Begin PBXSourcesBuildPhase section */
		5B71714B1E7AAD3B009AB236 /* Sources */ = {
			isa = PBXSourcesBuildPhase;
			buildActionMask = 2147483647;
			files = (
				5B7171531E7AAD3B009AB236 /* main.cpp in Sources */,
				5B5AEA631EAE5E000027A2EF /* serverz.cc in Sources */,
			);
			runOnlyForDeploymentPostprocessing = 0;
		};
/* End PBXSourcesBuildPhase section */

/* Begin XCBuildConfiguration section */
		5B7171541E7AAD3B009AB236 /* Debug */ = {
			isa = XCBuildConfiguration;
			buildSettings = {
				ALWAYS_SEARCH_USER_PATHS = NO;
				CLANG_ANALYZER_NONNULL = YES;
				CLANG_CXX_LANGUAGE_STANDARD = "gnu++0x";
				CLANG_CXX_LIBRARY = "libc++";
				CLANG_ENABLE_MODULES = YES;
				CLANG_ENABLE_OBJC_ARC = YES;
				CLANG_WARN_BOOL_CONVERSION = YES;
				CLANG_WARN_CONSTANT_CONVERSION = YES;
				CLANG_WARN_DIRECT_OBJC_ISA_USAGE = YES_ERROR;
				CLANG_WARN_DOCUMENTATION_COMMENTS = YES;
				CLANG_WARN_EMPTY_BODY = YES;
				CLANG_WARN_ENUM_CONVERSION = YES;
				CLANG_WARN_INFINITE_RECURSION = YES;
				CLANG_WARN_INT_CONVERSION = YES;
				CLANG_WARN_OBJC_ROOT_CLASS = YES_ERROR;
				CLANG_WARN_SUSPICIOUS_MOVE = YES;
				CLANG_WARN_UNREACHABLE_CODE = YES;
				CLANG_WARN__DUPLICATE_METHOD_MATCH = YES;
				CODE_SIGN_IDENTITY = "-";
				COPY_PHASE_STRIP = NO;
				DEBUG_INFORMATION_FORMAT = dwarf;
				ENABLE_STRICT_OBJC_MSGSEND = YES;
				ENABLE_TESTABILITY = YES;
				GCC_C_LANGUAGE_STANDARD = gnu99;
				GCC_DYNAMIC_NO_PIC = NO;
				GCC_NO_COMMON_BLOCKS = YES;
				GCC_OPTIMIZATION_LEVEL = 0;
				GCC_PREPROCESSOR_DEFINITIONS = (
					"DEBUG=1",
					"$(inherited)",
				);
				GCC_WARN_64_TO_32_BIT_CONVERSION = YES;
				GCC_WARN_ABOUT_RETURN_TYPE = YES_ERROR;
				GCC_WARN_UNDECLARED_SELECTOR = YES;
				GCC_WARN_UNINITIALIZED_AUTOS = YES_AGGRESSIVE;
				GCC_WARN_UNUSED_FUNCTION = YES;
				GCC_WARN_UNUSED_VARIABLE = YES;
				MACOSX_DEPLOYMENT_TARGET = 10.12;
				MTL_ENABLE_DEBUG_INFO = YES;
				ONLY_ACTIVE_ARCH = YES;
				SDKROOT = macosx;
			};
			name = Debug;
		};
		5B7171551E7AAD3B009AB236 /* Release */ = {
			isa = XCBuildConfiguration;
			buildSettings = {
				ALWAYS_SEARCH_USER_PATHS = NO;
				CLANG_ANALYZER_NONNULL = YES;
				CLANG_CXX_LANGUAGE_STANDARD = "gnu++0x";
				CLANG_CXX_LIBRARY = "libc++";
				CLANG_ENABLE_MODULES = YES;
				CLANG_ENABLE_OBJC_ARC = YES;
				CLANG_WARN_BOOL_CONVERSION = YES;
				CLANG_WARN_CONSTANT_CONVERSION = YES;
				CLANG_WARN_DIRECT_OBJC_ISA_USAGE = YES_ERROR;
				CLANG_WARN_DOCUMENTATION_COMMENTS = YES;
				CLANG_WARN_EMPTY_BODY = YES;
				CLANG_WARN_ENUM_CONVERSION = YES;
				CLANG_WARN_INFINITE_RECURSION = YES;
				CLANG_WARN_INT_CONVERSION = YES;
				CLANG_WARN_OBJC_ROOT_CLASS = YES_ERROR;
				CLANG_WARN_SUSPICIOUS_MOVE = YES;
				CLANG_WARN_UNREACHABLE_CODE = YES;
				CLANG_WARN__DUPLICATE_METHOD_MATCH = YES;
				CODE_SIGN_IDENTITY = "-";
				COPY_PHASE_STRIP = NO;
				DEBUG_INFORMATION_FORMAT = "dwarf-with-dsym";
				ENABLE_NS_ASSERTIONS = NO;
				ENABLE_STRICT_OBJC_MSGSEND = YES;
				GCC_C_LANGUAGE_STANDARD = gnu99;
				GCC_NO_COMMON_BLOCKS = YES;
				GCC_WARN_64_TO_32_BIT_CONVERSION = YES;
				GCC_WARN_ABOUT_RETURN_TYPE = YES_ERROR;
				GCC_WARN_UNDECLARED_SELECTOR = YES;
				GCC_WARN_UNINITIALIZED_AUTOS = YES_AGGRESSIVE;
				GCC_WARN_UNUSED_FUNCTION = YES;
				GCC_WARN_UNUSED_VARIABLE = YES;
				MACOSX_DEPLOYMENT_TARGET = 10.12;
				MTL_ENABLE_DEBUG_INFO = NO;
				SDKROOT = macosx;
			};
			name = Release;
		};
		5B7171571E7AAD3B009AB236 /* Debug */ = {
			isa = XCBuildConfiguration;
			buildSettings = {
				HEADER_SEARCH_PATHS = "\"$(SRCROOT)/../../../../../node4/include/node\"/**";
				PRODUCT_NAME = "$(TARGET_NAME)";
				USER_HEADER_SEARCH_PATHS = "\"$(SRCROOT)/../../node_modules/nan\" \"$(SRCROOT)/../../../../../node4/include/node\"/**";
			};
			name = Debug;
		};
		5B7171581E7AAD3B009AB236 /* Release */ = {
			isa = XCBuildConfiguration;
			buildSettings = {
				HEADER_SEARCH_PATHS = "\"$(SRCROOT)/../../../../../node4/include/node\"/**";
				PRODUCT_NAME = "$(TARGET_NAME)";
				USER_HEADER_SEARCH_PATHS = "\"$(SRCROOT)/../../node_modules/nan\" \"$(SRCROOT)/../../../../../node4/include/node\"/**";
			};
			name = Release;
		};
/* End XCBuildConfiguration section */

/* Begin XCConfigurationList section */
		5B71714A1E7AAD3B009AB236 /* Build configuration list for PBXProject "Functorx" */ = {
			isa = XCConfigurationList;
			buildConfigurations = (
				5B7171541E7AAD3B009AB236 /* Debug */,
				5B7171551E7AAD3B009AB236 /* Release */,
			);
			defaultConfigurationIsVisible = 0;
			defaultConfigurationName = Release;
		};
		5B7171561E7AAD3B009AB236 /* Build configuration list for PBXNativeTarget "Functorx" */ = {
			isa = XCConfigurationList;
			buildConfigurations = (
				5B7171571E7AAD3B009AB236 /* Debug */,
				5B7171581E7AAD3B009AB236 /* Release */,
			);
			defaultConfigurationIsVisible = 0;
			defaultConfigurationName = Release;
		};
/* End XCConfigurationList section */
	};
	rootObject = 5B7171471E7AAD3B009AB236 /* Project object */;
}
